
Microsoft Visual Studio Solution File, Format Version 12.00
# Visual Studio 14
VisualStudioVersion = 14.0.23107.0
MinimumVisualStudioVersion = 10.0.40219.1
Project("{D954291E-2A0B-460D-934E-DC6B0785DB48}") = "MillionSteps.Core", "MillionSteps.Core\MillionSteps.Core.shproj", "{D9CB6600-8065-41FF-B0D9-2ECB869B6A22}"
EndProject
Project("{FAE04EC0-301F-11D3-BF4B-00C04F79EFBC}") = "MillionSteps.Tests", "MillionSteps.Tests\MillionSteps.Tests.csproj", "{6C4EE352-63E4-439E-97DE-D3EEEDF96576}"
EndProject
Global
	GlobalSection(SharedMSBuildProjectFiles) = preSolution
		MillionSteps.Core\MillionSteps.Core.projitems*{6c4ee352-63e4-439e-97de-d3eeedf96576}*SharedItemsImports = 4
		MillionSteps.Core\MillionSteps.Core.projitems*{d9cb6600-8065-41ff-b0d9-2ecb869b6a22}*SharedItemsImports = 13
	EndGlobalSection
	GlobalSection(SolutionConfigurationPlatforms) = preSolution
		Debug|Any CPU = Debug|Any CPU
		Release|Any CPU = Release|Any CPU
	EndGlobalSection
	GlobalSection(ProjectConfigurationPlatforms) = postSolution
		{6C4EE352-63E4-439E-97DE-D3EEEDF96576}.Debug|Any CPU.ActiveCfg = Debug|Any CPU
		{6C4EE352-63E4-439E-97DE-D3EEEDF96576}.Debug|Any CPU.Build.0 = Debug|Any CPU
		{6C4EE352-63E4-439E-97DE-D3EEEDF96576}.Release|Any CPU.ActiveCfg = Release|Any CPU
		{6C4EE352-63E4-439E-97DE-D3EEEDF96576}.Release|Any CPU.Build.0 = Release|Any CPU
	EndGlobalSection
	GlobalSection(SolutionProperties) = preSolution
		HideSolutionNode = FALSE
	EndGlobalSection
EndGlobal
